// !$*UTF8*$!
{
	archiveVersion = 1;
	classes = {
	};
	objectVersion = 46;
	objects = {

/* Begin PBXBuildFile section */
		625979881906966D00B202E7 /* Foundation.framework in Frameworks */ = {isa = PBXBuildFile; fileRef = 625979871906966D00B202E7 /* Foundation.framework */; };
		6259798A1906966D00B202E7 /* CoreGraphics.framework in Frameworks */ = {isa = PBXBuildFile; fileRef = 625979891906966D00B202E7 /* CoreGraphics.framework */; };
		6259798C1906966D00B202E7 /* UIKit.framework in Frameworks */ = {isa = PBXBuildFile; fileRef = 6259798B1906966D00B202E7 /* UIKit.framework */; };
		625979921906966D00B202E7 /* InfoPlist.strings in Resources */ = {isa = PBXBuildFile; fileRef = 625979901906966D00B202E7 /* InfoPlist.strings */; };
		625979941906966D00B202E7 /* main.m in Sources */ = {isa = PBXBuildFile; fileRef = 625979931906966D00B202E7 /* main.m */; };
		625979981906966D00B202E7 /* BNRAppDelegate.m in Sources */ = {isa = PBXBuildFile; fileRef = 625979971906966D00B202E7 /* BNRAppDelegate.m */; };
		6259799A1906966D00B202E7 /* Images.xcassets in Resources */ = {isa = PBXBuildFile; fileRef = 625979991906966D00B202E7 /* Images.xcassets */; };
		625979A11906966D00B202E7 /* XCTest.framework in Frameworks */ = {isa = PBXBuildFile; fileRef = 625979A01906966D00B202E7 /* XCTest.framework */; };
		625979A21906966D00B202E7 /* Foundation.framework in Frameworks */ = {isa = PBXBuildFile; fileRef = 625979871906966D00B202E7 /* Foundation.framework */; };
		625979A31906966D00B202E7 /* UIKit.framework in Frameworks */ = {isa = PBXBuildFile; fileRef = 6259798B1906966D00B202E7 /* UIKit.framework */; };
		625979AB1906966D00B202E7 /* InfoPlist.strings in Resources */ = {isa = PBXBuildFile; fileRef = 625979A91906966D00B202E7 /* InfoPlist.strings */; };
		625979AD1906966D00B202E7 /* Quiz2Tests.m in Sources */ = {isa = PBXBuildFile; fileRef = 625979AC1906966D00B202E7 /* Quiz2Tests.m */; };
		625979B9190696B800B202E7 /* BNRViewController.m in Sources */ = {isa = PBXBuildFile; fileRef = 625979B7190696B800B202E7 /* BNRViewController.m */; };
		625979BA190696B800B202E7 /* BNRViewController.xib in Resources */ = {isa = PBXBuildFile; fileRef = 625979B8190696B800B202E7 /* BNRViewController.xib */; };
/* End PBXBuildFile section */

/* Begin PBXContainerItemProxy section */
		625979A41906966D00B202E7 /* PBXContainerItemProxy */ = {
			isa = PBXContainerItemProxy;
			containerPortal = 6259797C1906966D00B202E7 /* Project object */;
			proxyType = 1;
			remoteGlobalIDString = 625979831906966D00B202E7;
			remoteInfo = Quiz2;
		};
/* End PBXContainerItemProxy section */

/* Begin PBXFileReference section */
		625979841906966D00B202E7 /* Quiz2.app */ = {isa = PBXFileReference; explicitFileType = wrapper.application; includeInIndex = 0; path = Quiz2.app; sourceTree = BUILT_PRODUCTS_DIR; };
		625979871906966D00B202E7 /* Foundation.framework */ = {isa = PBXFileReference; lastKnownFileType = wrapper.framework; name = Foundation.framework; path = System/Library/Frameworks/Foundation.framework; sourceTree = SDKROOT; };
		625979891906966D00B202E7 /* CoreGraphics.framework */ = {isa = PBXFileReference; lastKnownFileType = wrapper.framework; name = CoreGraphics.framework; path = System/Library/Frameworks/CoreGraphics.framework; sourceTree = SDKROOT; };
		6259798B1906966D00B202E7 /* UIKit.framework */ = {isa = PBXFileReference; lastKnownFileType = wrapper.framework; name = UIKit.framework; path = System/Library/Frameworks/UIKit.framework; sourceTree = SDKROOT; };
		6259798F1906966D00B202E7 /* Quiz2-Info.plist */ = {isa = PBXFileReference; lastKnownFileType = text.plist.xml; path = "Quiz2-Info.plist"; sourceTree = "<group>"; };
		625979911906966D00B202E7 /* en */ = {isa = PBXFileReference; lastKnownFileType = text.plist.strings; name = en; path = en.lproj/InfoPlist.strings; sourceTree = "<group>"; };
		625979931906966D00B202E7 /* main.m */ = {isa = PBXFileReference; lastKnownFileType = sourcecode.c.objc; path = main.m; sourceTree = "<group>"; };
		625979951906966D00B202E7 /* Quiz2-Prefix.pch */ = {isa = PBXFileReference; lastKnownFileType = sourcecode.c.h; path = "Quiz2-Prefix.pch"; sourceTree = "<group>"; };
		625979961906966D00B202E7 /* BNRAppDelegate.h */ = {isa = PBXFileReference; lastKnownFileType = sourcecode.c.h; path = BNRAppDelegate.h; sourceTree = "<group>"; };
		625979971906966D00B202E7 /* BNRAppDelegate.m */ = {isa = PBXFileReference; lastKnownFileType = sourcecode.c.objc; path = BNRAppDelegate.m; sourceTree = "<group>"; };
		625979991906966D00B202E7 /* Images.xcassets */ = {isa = PBXFileReference; lastKnownFileType = folder.assetcatalog; path = Images.xcassets; sourceTree = "<group>"; };
		6259799F1906966D00B202E7 /* Quiz2Tests.xctest */ = {isa = PBXFileReference; explicitFileType = wrapper.cfbundle; includeInIndex = 0; path = Quiz2Tests.xctest; sourceTree = BUILT_PRODUCTS_DIR; };
		625979A01906966D00B202E7 /* XCTest.framework */ = {isa = PBXFileReference; lastKnownFileType = wrapper.framework; name = XCTest.framework; path = Library/Frameworks/XCTest.framework; sourceTree = DEVELOPER_DIR; };
		625979A81906966D00B202E7 /* Quiz2Tests-Info.plist */ = {isa = PBXFileReference; lastKnownFileType = text.plist.xml; path = "Quiz2Tests-Info.plist"; sourceTree = "<group>"; };
		625979AA1906966D00B202E7 /* en */ = {isa = PBXFileReference; lastKnownFileType = text.plist.strings; name = en; path = en.lproj/InfoPlist.strings; sourceTree = "<group>"; };
		625979AC1906966D00B202E7 /* Quiz2Tests.m */ = {isa = PBXFileReference; lastKnownFileType = sourcecode.c.objc; path = Quiz2Tests.m; sourceTree = "<group>"; };
		625979B6190696B800B202E7 /* BNRViewController.h */ = {isa = PBXFileReference; fileEncoding = 4; lastKnownFileType = sourcecode.c.h; path = BNRViewController.h; sourceTree = "<group>"; };
		625979B7190696B800B202E7 /* BNRViewController.m */ = {isa = PBXFileReference; fileEncoding = 4; lastKnownFileType = sourcecode.c.objc; path = BNRViewController.m; sourceTree = "<group>"; };
		625979B8190696B800B202E7 /* BNRViewController.xib */ = {isa = PBXFileReference; fileEncoding = 4; lastKnownFileType = file.xib; path = BNRViewController.xib; sourceTree = "<group>"; };
/* End PBXFileReference section */

/* Begin PBXFrameworksBuildPhase section */
		625979811906966D00B202E7 /* Frameworks */ = {
			isa = PBXFrameworksBuildPhase;
			buildActionMask = 2147483647;
			files = (
				6259798A1906966D00B202E7 /* CoreGraphics.framework in Frameworks */,
				6259798C1906966D00B202E7 /* UIKit.framework in Frameworks */,
				625979881906966D00B202E7 /* Foundation.framework in Frameworks */,
			);
			runOnlyForDeploymentPostprocessing = 0;
		};
		6259799C1906966D00B202E7 /* Frameworks */ = {
			isa = PBXFrameworksBuildPhase;
			buildActionMask = 2147483647;
			files = (
				625979A11906966D00B202E7 /* XCTest.framework in Frameworks */,
				625979A31906966D00B202E7 /* UIKit.framework in Frameworks */,
				625979A21906966D00B202E7 /* Foundation.framework in Frameworks */,
			);
			runOnlyForDeploymentPostprocessing = 0;
		};
/* End PBXFrameworksBuildPhase section */

/* Begin PBXGroup section */
		6259797B1906966D00B202E7 = {
			isa = PBXGroup;
			children = (
				625979B6190696B800B202E7 /* BNRViewController.h */,
				625979B7190696B800B202E7 /* BNRViewController.m */,
				625979B8190696B800B202E7 /* BNRViewController.xib */,
				6259798D1906966D00B202E7 /* Quiz2 */,
				625979A61906966D00B202E7 /* Quiz2Tests */,
				625979861906966D00B202E7 /* Frameworks */,
				625979851906966D00B202E7 /* Products */,
			);
			sourceTree = "<group>";
		};
		625979851906966D00B202E7 /* Products */ = {
			isa = PBXGroup;
			children = (
				625979841906966D00B202E7 /* Quiz2.app */,
				6259799F1906966D00B202E7 /* Quiz2Tests.xctest */,
			);
			name = Products;
			sourceTree = "<group>";
		};
		625979861906966D00B202E7 /* Frameworks */ = {
			isa = PBXGroup;
			children = (
				625979871906966D00B202E7 /* Foundation.framework */,
				625979891906966D00B202E7 /* CoreGraphics.framework */,
				6259798B1906966D00B202E7 /* UIKit.framework */,
				625979A01906966D00B202E7 /* XCTest.framework */,
			);
			name = Frameworks;
			sourceTree = "<group>";
		};
		6259798D1906966D00B202E7 /* Quiz2 */ = {
			isa = PBXGroup;
			children = (
				625979961906966D00B202E7 /* BNRAppDelegate.h */,
				625979971906966D00B202E7 /* BNRAppDelegate.m */,
				625979991906966D00B202E7 /* Images.xcassets */,
				6259798E1906966D00B202E7 /* Supporting Files */,
			);
			path = Quiz2;
			sourceTree = "<group>";
		};
		6259798E1906966D00B202E7 /* Supporting Files */ = {
			isa = PBXGroup;
			children = (
				6259798F1906966D00B202E7 /* Quiz2-Info.plist */,
				625979901906966D00B202E7 /* InfoPlist.strings */,
				625979931906966D00B202E7 /* main.m */,
				625979951906966D00B202E7 /* Quiz2-Prefix.pch */,
			);
			name = "Supporting Files";
			sourceTree = "<group>";
		};
		625979A61906966D00B202E7 /* Quiz2Tests */ = {
			isa = PBXGroup;
			children = (
				625979AC1906966D00B202E7 /* Quiz2Tests.m */,
				625979A71906966D00B202E7 /* Supporting Files */,
			);
			path = Quiz2Tests;
			sourceTree = "<group>";
		};
		625979A71906966D00B202E7 /* Supporting Files */ = {
			isa = PBXGroup;
			children = (
				625979A81906966D00B202E7 /* Quiz2Tests-Info.plist */,
				625979A91906966D00B202E7 /* InfoPlist.strings */,
			);
			name = "Supporting Files";
			sourceTree = "<group>";
		};
/* End PBXGroup section */

/* Begin PBXNativeTarget section */
		625979831906966D00B202E7 /* Quiz2 */ = {
			isa = PBXNativeTarget;
			buildConfigurationList = 625979B01906966D00B202E7 /* Build configuration list for PBXNativeTarget "Quiz2" */;
			buildPhases = (
				625979801906966D00B202E7 /* Sources */,
				625979811906966D00B202E7 /* Frameworks */,
				625979821906966D00B202E7 /* Resources */,
			);
			buildRules = (
			);
			dependencies = (
			);
			name = Quiz2;
			productName = Quiz2;
			productReference = 625979841906966D00B202E7 /* Quiz2.app */;
			productType = "com.apple.product-type.application";
		};
		6259799E1906966D00B202E7 /* Quiz2Tests */ = {
			isa = PBXNativeTarget;
			buildConfigurationList = 625979B31906966D00B202E7 /* Build configuration list for PBXNativeTarget "Quiz2Tests" */;
			buildPhases = (
				6259799B1906966D00B202E7 /* Sources */,
				6259799C1906966D00B202E7 /* Frameworks */,
				6259799D1906966D00B202E7 /* Resources */,
			);
			buildRules = (
			);
			dependencies = (
				625979A51906966D00B202E7 /* PBXTargetDependency */,
			);
			name = Quiz2Tests;
			productName = Quiz2Tests;
			productReference = 6259799F1906966D00B202E7 /* Quiz2Tests.xctest */;
			productType = "com.apple.product-type.bundle.unit-test";
		};
/* End PBXNativeTarget section */

/* Begin PBXProject section */
		6259797C1906966D00B202E7 /* Project object */ = {
			isa = PBXProject;
			attributes = {
				CLASSPREFIX = BNR;
				LastUpgradeCheck = 0510;
				ORGANIZATIONNAME = "Big Nerd Ranch";
				TargetAttributes = {
					6259799E1906966D00B202E7 = {
						TestTargetID = 625979831906966D00B202E7;
					};
				};
			};
			buildConfigurationList = 6259797F1906966D00B202E7 /* Build configuration list for PBXProject "Quiz2" */;
			compatibilityVersion = "Xcode 3.2";
			developmentRegion = English;
			hasScannedForEncodings = 0;
			knownRegions = (
				en,
			);
			mainGroup = 6259797B1906966D00B202E7;
			productRefGroup = 625979851906966D00B202E7 /* Products */;
			projectDirPath = "";
			projectRoot = "";
			targets = (
				625979831906966D00B202E7 /* Quiz2 */,
				6259799E1906966D00B202E7 /* Quiz2Tests */,
			);
		};
/* End PBXProject section */

/* Begin PBXResourcesBuildPhase section */
		625979821906966D00B202E7 /* Resources */ = {
			isa = PBXResourcesBuildPhase;
			buildActionMask = 2147483647;
			files = (
				625979BA190696B800B202E7 /* BNRViewController.xib in Resources */,
				625979921906966D00B202E7 /* InfoPlist.strings in Resources */,
				6259799A1906966D00B202E7 /* Images.xcassets in Resources */,
			);
			runOnlyForDeploymentPostprocessing = 0;
		};
		6259799D1906966D00B202E7 /* Resources */ = {
			isa = PBXResourcesBuildPhase;
			buildActionMask = 2147483647;
			files = (
				625979AB1906966D00B202E7 /* InfoPlist.strings in Resources */,
			);
			runOnlyForDeploymentPostprocessing = 0;
		};
/* End PBXResourcesBuildPhase section */

/* Begin PBXSourcesBuildPhase section */
		625979801906966D00B202E7 /* Sources */ = {
			isa = PBXSourcesBuildPhase;
			buildActionMask = 2147483647;
			files = (
				625979941906966D00B202E7 /* main.m in Sources */,
				625979981906966D00B202E7 /* BNRAppDelegate.m in Sources */,
				625979B9190696B800B202E7 /* BNRViewController.m in Sources */,
			);
			runOnlyForDeploymentPostprocessing = 0;
		};
		6259799B1906966D00B202E7 /* Sources */ = {
			isa = PBXSourcesBuildPhase;
			buildActionMask = 2147483647;
			files = (
				625979AD1906966D00B202E7 /* Quiz2Tests.m in Sources */,
			);
			runOnlyForDeploymentPostprocessing = 0;
		};
/* End PBXSourcesBuildPhase section */

/* Begin PBXTargetDependency section */
		625979A51906966D00B202E7 /* PBXTargetDependency */ = {
			isa = PBXTargetDependency;
			target = 625979831906966D00B202E7 /* Quiz2 */;
			targetProxy = 625979A41906966D00B202E7 /* PBXContainerItemProxy */;
		};
/* End PBXTargetDependency section */

/* Begin PBXVariantGroup section */
		625979901906966D00B202E7 /* InfoPlist.strings */ = {
			isa = PBXVariantGroup;
			children = (
				625979911906966D00B202E7 /* en */,
			);
			name = InfoPlist.strings;
			sourceTree = "<group>";
		};
		625979A91906966D00B202E7 /* InfoPlist.strings */ = {
			isa = PBXVariantGroup;
			children = (
				625979AA1906966D00B202E7 /* en */,
			);
			name = InfoPlist.strings;
			sourceTree = "<group>";
		};
/* End PBXVariantGroup section */

/* Begin XCBuildConfiguration section */
		625979AE1906966D00B202E7 /* Debug */ = {
			isa = XCBuildConfiguration;
			buildSettings = {
				ALWAYS_SEARCH_USER_PATHS = NO;
				CLANG_CXX_LANGUAGE_STANDARD = "gnu++0x";
				CLANG_CXX_LIBRARY = "libc++";
				CLANG_ENABLE_MODULES = YES;
				CLANG_ENABLE_OBJC_ARC = YES;
				CLANG_WARN_BOOL_CONVERSION = YES;
				CLANG_WARN_CONSTANT_CONVERSION = YES;
				CLANG_WARN_DIRECT_OBJC_ISA_USAGE = YES_ERROR;
				CLANG_WARN_EMPTY_BODY = YES;
				CLANG_WARN_ENUM_CONVERSION = YES;
				CLANG_WARN_INT_CONVERSION = YES;
				CLANG_WARN_OBJC_ROOT_CLASS = YES_ERROR;
				CLANG_WARN__DUPLICATE_METHOD_MATCH = YES;
				"CODE_SIGN_IDENTITY[sdk=iphoneos*]" = "iPhone Developer";
				COPY_PHASE_STRIP = NO;
				GCC_C_LANGUAGE_STANDARD = gnu99;
				GCC_DYNAMIC_NO_PIC = NO;
				GCC_OPTIMIZATION_LEVEL = 0;
				GCC_PREPROCESSOR_DEFINITIONS = (
					"DEBUG=1",
					"$(inherited)",
				);
				GCC_SYMBOLS_PRIVATE_EXTERN = NO;
				GCC_WARN_64_TO_32_BIT_CONVERSION = YES;
				GCC_WARN_ABOUT_RETURN_TYPE = YES_ERROR;
				GCC_WARN_UNDECLARED_SELECTOR = YES;
				GCC_WARN_UNINITIALIZED_AUTOS = YES_AGGRESSIVE;
				GCC_WARN_UNUSED_FUNCTION = YES;
				GCC_WARN_UNUSED_VARIABLE = YES;
				IPHONEOS_DEPLOYMENT_TARGET = 7.1;
				ONLY_ACTIVE_ARCH = YES;
				SDKROOT = iphoneos;
			};
			name = Debug;
		};
		625979AF1906966D00B202E7 /* Release */ = {
			isa = XCBuildConfiguration;
			buildSettings = {
				ALWAYS_SEARCH_USER_PATHS = NO;
				CLANG_CXX_LANGUAGE_STANDARD = "gnu++0x";
				CLANG_CXX_LIBRARY = "libc++";
				CLANG_ENABLE_MODULES = YES;
				CLANG_ENABLE_OBJC_ARC = YES;
				CLANG_WARN_BOOL_CONVERSION = YES;
				CLANG_WARN_CONSTANT_CONVERSION = YES;
				CLANG_WARN_DIRECT_OBJC_ISA_USAGE = YES_ERROR;
				CLANG_WARN_EMPTY_BODY = YES;
				CLANG_WARN_ENUM_CONVERSION = YES;
				CLANG_WARN_INT_CONVERSION = YES;
				CLANG_WARN_OBJC_ROOT_CLASS = YES_ERROR;
				CLANG_WARN__DUPLICATE_METHOD_MATCH = YES;
				"CODE_SIGN_IDENTITY[sdk=iphoneos*]" = "iPhone Developer";
				COPY_PHASE_STRIP = YES;
				ENABLE_NS_ASSERTIONS = NO;
				GCC_C_LANGUAGE_STANDARD = gnu99;
				GCC_WARN_64_TO_32_BIT_CONVERSION = YES;
				GCC_WARN_ABOUT_RETURN_TYPE = YES_ERROR;
				GCC_WARN_UNDECLARED_SELECTOR = YES;
				GCC_WARN_UNINITIALIZED_AUTOS = YES_AGGRESSIVE;
				GCC_WARN_UNUSED_FUNCTION = YES;
				GCC_WARN_UNUSED_VARIABLE = YES;
				IPHONEOS_DEPLOYMENT_TARGET = 7.1;
				SDKROOT = iphoneos;
				VALIDATE_PRODUCT = YES;
			};
			name = Release;
		};
		625979B11906966D00B202E7 /* Debug */ = {
			isa = XCBuildConfiguration;
			buildSettings = {
				ASSETCATALOG_COMPILER_APPICON_NAME = AppIcon;
				ASSETCATALOG_COMPILER_LAUNCHIMAGE_NAME = LaunchImage;
				GCC_PRECOMPILE_PREFIX_HEADER = YES;
				GCC_PREFIX_HEADER = "Quiz2/Quiz2-Prefix.pch";
				INFOPLIST_FILE = "Quiz2/Quiz2-Info.plist";
				IPHONEOS_DEPLOYMENT_TARGET = 7.0;
				PRODUCT_NAME = "$(TARGET_NAME)";
				WRAPPER_EXTENSION = app;
			};
			name = Debug;
		};
		625979B21906966D00B202E7 /* Release */ = {
			isa = XCBuildConfiguration;
			buildSettings = {
				ASSETCATALOG_COMPILER_APPICON_NAME = AppIcon;
				ASSETCATALOG_COMPILER_LAUNCHIMAGE_NAME = LaunchImage;
				GCC_PRECOMPILE_PREFIX_HEADER = YES;
				GCC_PREFIX_HEADER = "Quiz2/Quiz2-Prefix.pch";
				INFOPLIST_FILE = "Quiz2/Quiz2-Info.plist";
				IPHONEOS_DEPLOYMENT_TARGET = 7.0;
				PRODUCT_NAME = "$(TARGET_NAME)";
				WRAPPER_EXTENSION = app;
			};
			name = Release;
		};
		625979B41906966D00B202E7 /* Debug */ = {
			isa = XCBuildConfiguration;
			buildSettings = {
				BUNDLE_LOADER = "$(BUILT_PRODUCTS_DIR)/Quiz2.app/Quiz2";
				FRAMEWORK_SEARCH_PATHS = (
					"$(SDKROOT)/Developer/Library/Frameworks",
					"$(inherited)",
					"$(DEVELOPER_FRAMEWORKS_DIR)",
				);
				GCC_PRECOMPILE_PREFIX_HEADER = YES;
				GCC_PREFIX_HEADER = "Quiz2/Quiz2-Prefix.pch";
				GCC_PREPROCESSOR_DEFINITIONS = (
					"DEBUG=1",
					"$(inherited)",
				);
				INFOPLIST_FILE = "Quiz2Tests/Quiz2Tests-Info.plist";
				PRODUCT_NAME = "$(TARGET_NAME)";
				TEST_HOST = "$(BUNDLE_LOADER)";
				WRAPPER_EXTENSION = xctest;
			};
			name = Debug;
		};
		625979B51906966D00B202E7 /* Release */ = {
			isa = XCBuildConfiguration;
			buildSettings = {
				BUNDLE_LOADER = "$(BUILT_PRODUCTS_DIR)/Quiz2.app/Quiz2";
				FRAMEWORK_SEARCH_PATHS = (
					"$(SDKROOT)/Developer/Library/Frameworks",
					"$(inherited)",
					"$(DEVELOPER_FRAMEWORKS_DIR)",
				);
				GCC_PRECOMPILE_PREFIX_HEADER = YES;
				GCC_PREFIX_HEADER = "Quiz2/Quiz2-Prefix.pch";
				INFOPLIST_FILE = "Quiz2Tests/Quiz2Tests-Info.plist";
				PRODUCT_NAME = "$(TARGET_NAME)";
				TEST_HOST = "$(BUNDLE_LOADER)";
				WRAPPER_EXTENSION = xctest;
			};
			name = Release;
		};
/* End XCBuildConfiguration section */

/* Begin XCConfigurationList section */
		6259797F1906966D00B202E7 /* Build configuration list for PBXProject "Quiz2" */ = {
			isa = XCConfigurationList;
			buildConfigurations = (
				625979AE1906966D00B202E7 /* Debug */,
				625979AF1906966D00B202E7 /* Release */,
			);
			defaultConfigurationIsVisible = 0;
			defaultConfigurationName = Release;
		};
		625979B01906966D00B202E7 /* Build configuration list for PBXNativeTarget "Quiz2" */ = {
			isa = XCConfigurationList;
			buildConfigurations = (
				625979B11906966D00B202E7 /* Debug */,
				625979B21906966D00B202E7 /* Release */,
			);
			defaultConfigurationIsVisible = 0;
		};
		625979B31906966D00B202E7 /* Build configuration list for PBXNativeTarget "Quiz2Tests" */ = {
			isa = XCConfigurationList;
			buildConfigurations = (
				625979B41906966D00B202E7 /* Debug */,
				625979B51906966D00B202E7 /* Release */,
			);
			defaultConfigurationIsVisible = 0;
		};
/* End XCConfigurationList section */
	};
	rootObject = 6259797C1906966D00B202E7 /* Project object */;
}
